// !$*UTF8*$!
{
	archiveVersion = 1;
	classes = {
	};
	objectVersion = 50;
	objects = {

/* Begin PBXBuildFile section */
		E9BD1C9524EC0B7E00F0D91F /* Gray.fsh in Resources */ = {isa = PBXBuildFile; fileRef = E9BD1C9424EC0B7E00F0D91F /* Gray.fsh */; };
		E9BD1C9724EC0B9100F0D91F /* Gray.vsh in Resources */ = {isa = PBXBuildFile; fileRef = E9BD1C9624EC0B9100F0D91F /* Gray.vsh */; };
		E9BD1C9A24EC13E500F0D91F /* Reversal.vsh in Resources */ = {isa = PBXBuildFile; fileRef = E9BD1C9924EC13E500F0D91F /* Reversal.vsh */; };
		E9BD1C9C24EC146D00F0D91F /* Reversal.fsh in Resources */ = {isa = PBXBuildFile; fileRef = E9BD1C9B24EC146D00F0D91F /* Reversal.fsh */; };
		E9BD1C9F24EC14E400F0D91F /* Mosaic.vsh in Resources */ = {isa = PBXBuildFile; fileRef = E9BD1C9E24EC14E400F0D91F /* Mosaic.vsh */; };
		E9BD1CA124EC152600F0D91F /* Mosaic.fsh in Resources */ = {isa = PBXBuildFile; fileRef = E9BD1CA024EC152600F0D91F /* Mosaic.fsh */; };
		E9BD1CA424EC16AC00F0D91F /* HexagonMosaic.fsh in Resources */ = {isa = PBXBuildFile; fileRef = E9BD1CA324EC16AC00F0D91F /* HexagonMosaic.fsh */; };
		E9BD1CA624EC16C300F0D91F /* HexagonMosaic.vsh in Resources */ = {isa = PBXBuildFile; fileRef = E9BD1CA524EC16C300F0D91F /* HexagonMosaic.vsh */; };
		E9BD1CA924EC17A600F0D91F /* TriangularMosaic.fsh in Resources */ = {isa = PBXBuildFile; fileRef = E9BD1CA824EC17A600F0D91F /* TriangularMosaic.fsh */; };
		E9BD1CAB24EC17C800F0D91F /* TriangularMosaic.vsh in Resources */ = {isa = PBXBuildFile; fileRef = E9BD1CAA24EC17C800F0D91F /* TriangularMosaic.vsh */; };
		E9BD1D8E24F0B1D800F0D91F /* lufei.jpg in Resources */ = {isa = PBXBuildFile; fileRef = E9BD1D8D24F0B1D800F0D91F /* lufei.jpg */; };
		E9F0E61D24EB778D00FB2B65 /* AppDelegate.m in Sources */ = {isa = PBXBuildFile; fileRef = E9F0E61C24EB778D00FB2B65 /* AppDelegate.m */; };
		E9F0E62024EB778D00FB2B65 /* SceneDelegate.m in Sources */ = {isa = PBXBuildFile; fileRef = E9F0E61F24EB778D00FB2B65 /* SceneDelegate.m */; };
		E9F0E62324EB778D00FB2B65 /* ViewController.m in Sources */ = {isa = PBXBuildFile; fileRef = E9F0E62224EB778D00FB2B65 /* ViewController.m */; };
		E9F0E62624EB778D00FB2B65 /* Main.storyboard in Resources */ = {isa = PBXBuildFile; fileRef = E9F0E62424EB778D00FB2B65 /* Main.storyboard */; };
		E9F0E62824EB779000FB2B65 /* Assets.xcassets in Resources */ = {isa = PBXBuildFile; fileRef = E9F0E62724EB779000FB2B65 /* Assets.xcassets */; };
		E9F0E62B24EB779000FB2B65 /* LaunchScreen.storyboard in Resources */ = {isa = PBXBuildFile; fileRef = E9F0E62924EB779000FB2B65 /* LaunchScreen.storyboard */; };
		E9F0E62E24EB779000FB2B65 /* main.m in Sources */ = {isa = PBXBuildFile; fileRef = E9F0E62D24EB779000FB2B65 /* main.m */; };
		E9F0E63724EB77C500FB2B65 /* FilterBar.m in Sources */ = {isa = PBXBuildFile; fileRef = E9F0E63624EB77C500FB2B65 /* FilterBar.m */; };
		E9F0E63A24EB780900FB2B65 /* FilterBarCell.m in Sources */ = {isa = PBXBuildFile; fileRef = E9F0E63924EB780900FB2B65 /* FilterBarCell.m */; };
		E9F0E66E24EC052B00FB2B65 /* Normal.fsh in Resources */ = {isa = PBXBuildFile; fileRef = E9F0E66D24EC052B00FB2B65 /* Normal.fsh */; };
		E9F0E67024EC054000FB2B65 /* Normal.vsh in Resources */ = {isa = PBXBuildFile; fileRef = E9F0E66F24EC054000FB2B65 /* Normal.vsh */; };
/* End PBXBuildFile section */

/* Begin PBXFileReference section */
		E9BD1C9424EC0B7E00F0D91F /* Gray.fsh */ = {isa = PBXFileReference; lastKnownFileType = sourcecode.glsl; path = Gray.fsh; sourceTree = "<group>"; };
		E9BD1C9624EC0B9100F0D91F /* Gray.vsh */ = {isa = PBXFileReference; lastKnownFileType = sourcecode.glsl; path = Gray.vsh; sourceTree = "<group>"; };
		E9BD1C9924EC13E500F0D91F /* Reversal.vsh */ = {isa = PBXFileReference; lastKnownFileType = sourcecode.glsl; path = Reversal.vsh; sourceTree = "<group>"; };
		E9BD1C9B24EC146D00F0D91F /* Reversal.fsh */ = {isa = PBXFileReference; lastKnownFileType = sourcecode.glsl; path = Reversal.fsh; sourceTree = "<group>"; };
		E9BD1C9E24EC14E400F0D91F /* Mosaic.vsh */ = {isa = PBXFileReference; lastKnownFileType = sourcecode.glsl; path = Mosaic.vsh; sourceTree = "<group>"; };
		E9BD1CA024EC152600F0D91F /* Mosaic.fsh */ = {isa = PBXFileReference; lastKnownFileType = sourcecode.glsl; path = Mosaic.fsh; sourceTree = "<group>"; };
		E9BD1CA324EC16AC00F0D91F /* HexagonMosaic.fsh */ = {isa = PBXFileReference; lastKnownFileType = sourcecode.glsl; path = HexagonMosaic.fsh; sourceTree = "<group>"; };
		E9BD1CA524EC16C300F0D91F /* HexagonMosaic.vsh */ = {isa = PBXFileReference; lastKnownFileType = sourcecode.glsl; path = HexagonMosaic.vsh; sourceTree = "<group>"; };
		E9BD1CA824EC17A600F0D91F /* TriangularMosaic.fsh */ = {isa = PBXFileReference; lastKnownFileType = sourcecode.glsl; path = TriangularMosaic.fsh; sourceTree = "<group>"; };
		E9BD1CAA24EC17C800F0D91F /* TriangularMosaic.vsh */ = {isa = PBXFileReference; lastKnownFileType = sourcecode.glsl; path = TriangularMosaic.vsh; sourceTree = "<group>"; };
		E9BD1D8D24F0B1D800F0D91F /* lufei.jpg */ = {isa = PBXFileReference; lastKnownFileType = image.jpeg; path = lufei.jpg; sourceTree = "<group>"; };
		E9F0E61824EB778D00FB2B65 /* Mosaic.app */ = {isa = PBXFileReference; explicitFileType = wrapper.application; includeInIndex = 0; path = Mosaic.app; sourceTree = BUILT_PRODUCTS_DIR; };
		E9F0E61B24EB778D00FB2B65 /* AppDelegate.h */ = {isa = PBXFileReference; lastKnownFileType = sourcecode.c.h; path = AppDelegate.h; sourceTree = "<group>"; };
		E9F0E61C24EB778D00FB2B65 /* AppDelegate.m */ = {isa = PBXFileReference; lastKnownFileType = sourcecode.c.objc; path = AppDelegate.m; sourceTree = "<group>"; };
		E9F0E61E24EB778D00FB2B65 /* SceneDelegate.h */ = {isa = PBXFileReference; lastKnownFileType = sourcecode.c.h; path = SceneDelegate.h; sourceTree = "<group>"; };
		E9F0E61F24EB778D00FB2B65 /* SceneDelegate.m */ = {isa = PBXFileReference; lastKnownFileType = sourcecode.c.objc; path = SceneDelegate.m; sourceTree = "<group>"; };
		E9F0E62124EB778D00FB2B65 /* ViewController.h */ = {isa = PBXFileReference; lastKnownFileType = sourcecode.c.h; path = ViewController.h; sourceTree = "<group>"; };
		E9F0E62224EB778D00FB2B65 /* ViewController.m */ = {isa = PBXFileReference; lastKnownFileType = sourcecode.c.objc; path = ViewController.m; sourceTree = "<group>"; };
		E9F0E62524EB778D00FB2B65 /* Base */ = {isa = PBXFileReference; lastKnownFileType = file.storyboard; name = Base; path = Base.lproj/Main.storyboard; sourceTree = "<group>"; };
		E9F0E62724EB779000FB2B65 /* Assets.xcassets */ = {isa = PBXFileReference; lastKnownFileType = folder.assetcatalog; path = Assets.xcassets; sourceTree = "<group>"; };
		E9F0E62A24EB779000FB2B65 /* Base */ = {isa = PBXFileReference; lastKnownFileType = file.storyboard; name = Base; path = Base.lproj/LaunchScreen.storyboard; sourceTree = "<group>"; };
		E9F0E62C24EB779000FB2B65 /* Info.plist */ = {isa = PBXFileReference; lastKnownFileType = text.plist.xml; path = Info.plist; sourceTree = "<group>"; };
		E9F0E62D24EB779000FB2B65 /* main.m */ = {isa = PBXFileReference; lastKnownFileType = sourcecode.c.objc; path = main.m; sourceTree = "<group>"; };
		E9F0E63524EB77C500FB2B65 /* FilterBar.h */ = {isa = PBXFileReference; lastKnownFileType = sourcecode.c.h; path = FilterBar.h; sourceTree = "<group>"; };
		E9F0E63624EB77C500FB2B65 /* FilterBar.m */ = {isa = PBXFileReference; lastKnownFileType = sourcecode.c.objc; path = FilterBar.m; sourceTree = "<group>"; };
		E9F0E63824EB780900FB2B65 /* FilterBarCell.h */ = {isa = PBXFileReference; lastKnownFileType = sourcecode.c.h; path = FilterBarCell.h; sourceTree = "<group>"; };
		E9F0E63924EB780900FB2B65 /* FilterBarCell.m */ = {isa = PBXFileReference; lastKnownFileType = sourcecode.c.objc; path = FilterBarCell.m; sourceTree = "<group>"; };
		E9F0E66D24EC052B00FB2B65 /* Normal.fsh */ = {isa = PBXFileReference; lastKnownFileType = sourcecode.glsl; path = Normal.fsh; sourceTree = "<group>"; };
		E9F0E66F24EC054000FB2B65 /* Normal.vsh */ = {isa = PBXFileReference; lastKnownFileType = sourcecode.glsl; path = Normal.vsh; sourceTree = "<group>"; };
/* End PBXFileReference section */

/* Begin PBXFrameworksBuildPhase section */
		E9F0E61524EB778D00FB2B65 /* Frameworks */ = {
			isa = PBXFrameworksBuildPhase;
			buildActionMask = 2147483647;
			files = (
			);
			runOnlyForDeploymentPostprocessing = 0;
		};
/* End PBXFrameworksBuildPhase section */

/* Begin PBXGroup section */
		E9BD1C9324EC0B6800F0D91F /* gray */ = {
			isa = PBXGroup;
			children = (
				E9BD1C9424EC0B7E00F0D91F /* Gray.fsh */,
				E9BD1C9624EC0B9100F0D91F /* Gray.vsh */,
			);
			path = gray;
			sourceTree = "<group>";
		};
		E9BD1C9824EC13D100F0D91F /* reversal */ = {
			isa = PBXGroup;
			children = (
				E9BD1C9924EC13E500F0D91F /* Reversal.vsh */,
				E9BD1C9B24EC146D00F0D91F /* Reversal.fsh */,
			);
			path = reversal;
			sourceTree = "<group>";
		};
		E9BD1C9D24EC14D200F0D91F /* Mosaic */ = {
			isa = PBXGroup;
			children = (
				E9BD1C9E24EC14E400F0D91F /* Mosaic.vsh */,
				E9BD1CA024EC152600F0D91F /* Mosaic.fsh */,
			);
			path = Mosaic;
			sourceTree = "<group>";
		};
		E9BD1CA224EC169000F0D91F /* hexagonmosaic */ = {
			isa = PBXGroup;
			children = (
				E9BD1CA324EC16AC00F0D91F /* HexagonMosaic.fsh */,
				E9BD1CA524EC16C300F0D91F /* HexagonMosaic.vsh */,
			);
			path = hexagonmosaic;
			sourceTree = "<group>";
		};
		E9BD1CA724EC178500F0D91F /* TriangularMosaic */ = {
			isa = PBXGroup;
			children = (
				E9BD1CA824EC17A600F0D91F /* TriangularMosaic.fsh */,
				E9BD1CAA24EC17C800F0D91F /* TriangularMosaic.vsh */,
			);
			path = TriangularMosaic;
			sourceTree = "<group>";
		};
		E9F0E60F24EB778D00FB2B65 = {
			isa = PBXGroup;
			children = (
				E9F0E61A24EB778D00FB2B65 /* Mosaic */,
				E9F0E61924EB778D00FB2B65 /* Products */,
			);
			sourceTree = "<group>";
		};
		E9F0E61924EB778D00FB2B65 /* Products */ = {
			isa = PBXGroup;
			children = (
				E9F0E61824EB778D00FB2B65 /* Mosaic.app */,
			);
			name = Products;
			sourceTree = "<group>";
		};
		E9F0E61A24EB778D00FB2B65 /* Mosaic */ = {
			isa = PBXGroup;
			children = (
				E9F0E66B24EC02B000FB2B65 /* filter */,
				E9F0E63424EB77AB00FB2B65 /* Tool */,
				E9BD1D8D24F0B1D800F0D91F /* lufei.jpg */,
				E9F0E61B24EB778D00FB2B65 /* AppDelegate.h */,
				E9F0E61C24EB778D00FB2B65 /* AppDelegate.m */,
				E9F0E61E24EB778D00FB2B65 /* SceneDelegate.h */,
				E9F0E61F24EB778D00FB2B65 /* SceneDelegate.m */,
				E9F0E62124EB778D00FB2B65 /* ViewController.h */,
				E9F0E62224EB778D00FB2B65 /* ViewController.m */,
				E9F0E62424EB778D00FB2B65 /* Main.storyboard */,
				E9F0E62724EB779000FB2B65 /* Assets.xcassets */,
				E9F0E62924EB779000FB2B65 /* LaunchScreen.storyboard */,
				E9F0E62C24EB779000FB2B65 /* Info.plist */,
				E9F0E62D24EB779000FB2B65 /* main.m */,
			);
			path = Mosaic;
			sourceTree = "<group>";
		};
		E9F0E63424EB77AB00FB2B65 /* Tool */ = {
			isa = PBXGroup;
			children = (
				E9F0E63524EB77C500FB2B65 /* FilterBar.h */,
				E9F0E63624EB77C500FB2B65 /* FilterBar.m */,
				E9F0E63824EB780900FB2B65 /* FilterBarCell.h */,
				E9F0E63924EB780900FB2B65 /* FilterBarCell.m */,
			);
			path = Tool;
			sourceTree = "<group>";
		};
		E9F0E66B24EC02B000FB2B65 /* filter */ = {
			isa = PBXGroup;
			children = (
				E9BD1CA724EC178500F0D91F /* TriangularMosaic */,
				E9BD1CA224EC169000F0D91F /* hexagonmosaic */,
				E9BD1C9D24EC14D200F0D91F /* Mosaic */,
				E9BD1C9824EC13D100F0D91F /* reversal */,
				E9BD1C9324EC0B6800F0D91F /* gray */,
				E9F0E66C24EC050800FB2B65 /* normal */,
			);
			path = filter;
			sourceTree = "<group>";
		};
		E9F0E66C24EC050800FB2B65 /* normal */ = {
			isa = PBXGroup;
			children = (
				E9F0E66D24EC052B00FB2B65 /* Normal.fsh */,
				E9F0E66F24EC054000FB2B65 /* Normal.vsh */,
			);
			path = normal;
			sourceTree = "<group>";
		};
/* End PBXGroup section */

/* Begin PBXNativeTarget section */
		E9F0E61724EB778D00FB2B65 /* Mosaic */ = {
			isa = PBXNativeTarget;
			buildConfigurationList = E9F0E63124EB779000FB2B65 /* Build configuration list for PBXNativeTarget "Mosaic" */;
			buildPhases = (
				E9F0E61424EB778D00FB2B65 /* Sources */,
				E9F0E61524EB778D00FB2B65 /* Frameworks */,
				E9F0E61624EB778D00FB2B65 /* Resources */,
			);
			buildRules = (
			);
			dependencies = (
			);
			name = Mosaic;
			productName = Mosaic;
			productReference = E9F0E61824EB778D00FB2B65 /* Mosaic.app */;
			productType = "com.apple.product-type.application";
		};
/* End PBXNativeTarget section */

/* Begin PBXProject section */
		E9F0E61024EB778D00FB2B65 /* Project object */ = {
			isa = PBXProject;
			attributes = {
				LastUpgradeCheck = 1160;
				ORGANIZATIONNAME = JH;
				TargetAttributes = {
					E9F0E61724EB778D00FB2B65 = {
						CreatedOnToolsVersion = 11.6;
					};
				};
			};
			buildConfigurationList = E9F0E61324EB778D00FB2B65 /* Build configuration list for PBXProject "Mosaic" */;
			compatibilityVersion = "Xcode 9.3";
			developmentRegion = en;
			hasScannedForEncodings = 0;
			knownRegions = (
				en,
				Base,
			);
			mainGroup = E9F0E60F24EB778D00FB2B65;
			productRefGroup = E9F0E61924EB778D00FB2B65 /* Products */;
			projectDirPath = "";
			projectRoot = "";
			targets = (
				E9F0E61724EB778D00FB2B65 /* Mosaic */,
			);
		};
/* End PBXProject section */

/* Begin PBXResourcesBuildPhase section */
		E9F0E61624EB778D00FB2B65 /* Resources */ = {
			isa = PBXResourcesBuildPhase;
			buildActionMask = 2147483647;
			files = (
				E9F0E67024EC054000FB2B65 /* Normal.vsh in Resources */,
				E9BD1CA124EC152600F0D91F /* Mosaic.fsh in Resources */,
				E9BD1C9F24EC14E400F0D91F /* Mosaic.vsh in Resources */,
				E9BD1C9C24EC146D00F0D91F /* Reversal.fsh in Resources */,
				E9F0E62B24EB779000FB2B65 /* LaunchScreen.storyboard in Resources */,
				E9BD1C9724EC0B9100F0D91F /* Gray.vsh in Resources */,
				E9F0E62824EB779000FB2B65 /* Assets.xcassets in Resources */,
				E9BD1C9524EC0B7E00F0D91F /* Gray.fsh in Resources */,
				E9BD1CAB24EC17C800F0D91F /* TriangularMosaic.vsh in Resources */,
				E9BD1C9A24EC13E500F0D91F /* Reversal.vsh in Resources */,
				E9BD1D8E24F0B1D800F0D91F /* lufei.jpg in Resources */,
				E9BD1CA624EC16C300F0D91F /* HexagonMosaic.vsh in Resources */,
				E9F0E66E24EC052B00FB2B65 /* Normal.fsh in Resources */,
				E9BD1CA924EC17A600F0D91F /* TriangularMosaic.fsh in Resources */,
				E9F0E62624EB778D00FB2B65 /* Main.storyboard in Resources */,
				E9BD1CA424EC16AC00F0D91F /* HexagonMosaic.fsh in Resources */,
			);
			runOnlyForDeploymentPostprocessing = 0;
		};
/* End PBXResourcesBuildPhase section */

/* Begin PBXSourcesBuildPhase section */
		E9F0E61424EB778D00FB2B65 /* Sources */ = {
			isa = PBXSourcesBuildPhase;
			buildActionMask = 2147483647;
			files = (
				E9F0E62324EB778D00FB2B65 /* ViewController.m in Sources */,
				E9F0E61D24EB778D00FB2B65 /* AppDelegate.m in Sources */,
				E9F0E62E24EB779000FB2B65 /* main.m in Sources */,
				E9F0E63724EB77C500FB2B65 /* FilterBar.m in Sources */,
				E9F0E62024EB778D00FB2B65 /* SceneDelegate.m in Sources */,
				E9F0E63A24EB780900FB2B65 /* FilterBarCell.m in Sources */,
			);
			runOnlyForDeploymentPostprocessing = 0;
		};
/* End PBXSourcesBuildPhase section */

/* Begin PBXVariantGroup section */
		E9F0E62424EB778D00FB2B65 /* Main.storyboard */ = {
			isa = PBXVariantGroup;
			children = (
				E9F0E62524EB778D00FB2B65 /* Base */,
			);
			name = Main.storyboard;
			sourceTree = "<group>";
		};
		E9F0E62924EB779000FB2B65 /* LaunchScreen.storyboard */ = {
			isa = PBXVariantGroup;
			children = (
				E9F0E62A24EB779000FB2B65 /* Base */,
			);
			name = LaunchScreen.storyboard;
			sourceTree = "<group>";
		};
/* End PBXVariantGroup section */

/* Begin XCBuildConfiguration section */
		E9F0E62F24EB779000FB2B65 /* Debug */ = {
			isa = XCBuildConfiguration;
			buildSettings = {
				ALWAYS_SEARCH_USER_PATHS = NO;
				CLANG_ANALYZER_NONNULL = YES;
				CLANG_ANALYZER_NUMBER_OBJECT_CONVERSION = YES_AGGRESSIVE;
				CLANG_CXX_LANGUAGE_STANDARD = "gnu++14";
				CLANG_CXX_LIBRARY = "libc++";
				CLANG_ENABLE_MODULES = YES;
				CLANG_ENABLE_OBJC_ARC = YES;
				CLANG_ENABLE_OBJC_WEAK = YES;
				CLANG_WARN_BLOCK_CAPTURE_AUTORELEASING = YES;
				CLANG_WARN_BOOL_CONVERSION = YES;
				CLANG_WARN_COMMA = YES;
				CLANG_WARN_CONSTANT_CONVERSION = YES;
				CLANG_WARN_DEPRECATED_OBJC_IMPLEMENTATIONS = YES;
				CLANG_WARN_DIRECT_OBJC_ISA_USAGE = YES_ERROR;
				CLANG_WARN_DOCUMENTATION_COMMENTS = YES;
				CLANG_WARN_EMPTY_BODY = YES;
				CLANG_WARN_ENUM_CONVERSION = YES;
				CLANG_WARN_INFINITE_RECURSION = YES;
				CLANG_WARN_INT_CONVERSION = YES;
				CLANG_WARN_NON_LITERAL_NULL_CONVERSION = YES;
				CLANG_WARN_OBJC_IMPLICIT_RETAIN_SELF = YES;
				CLANG_WARN_OBJC_LITERAL_CONVERSION = YES;
				CLANG_WARN_OBJC_ROOT_CLASS = YES_ERROR;
				CLANG_WARN_RANGE_LOOP_ANALYSIS = YES;
				CLANG_WARN_STRICT_PROTOTYPES = YES;
				CLANG_WARN_SUSPICIOUS_MOVE = YES;
				CLANG_WARN_UNGUARDED_AVAILABILITY = YES_AGGRESSIVE;
				CLANG_WARN_UNREACHABLE_CODE = YES;
				CLANG_WARN__DUPLICATE_METHOD_MATCH = YES;
				COPY_PHASE_STRIP = NO;
				DEBUG_INFORMATION_FORMAT = dwarf;
				ENABLE_STRICT_OBJC_MSGSEND = YES;
				ENABLE_TESTABILITY = YES;
				GCC_C_LANGUAGE_STANDARD = gnu11;
				GCC_DYNAMIC_NO_PIC = NO;
				GCC_NO_COMMON_BLOCKS = YES;
				GCC_OPTIMIZATION_LEVEL = 0;
				GCC_PREPROCESSOR_DEFINITIONS = (
					"DEBUG=1",
					"$(inherited)",
				);
				GCC_WARN_64_TO_32_BIT_CONVERSION = YES;
				GCC_WARN_ABOUT_RETURN_TYPE = YES_ERROR;
				GCC_WARN_UNDECLARED_SELECTOR = YES;
				GCC_WARN_UNINITIALIZED_AUTOS = YES_AGGRESSIVE;
				GCC_WARN_UNUSED_FUNCTION = YES;
				GCC_WARN_UNUSED_VARIABLE = YES;
				IPHONEOS_DEPLOYMENT_TARGET = 13.6;
				MTL_ENABLE_DEBUG_INFO = INCLUDE_SOURCE;
				MTL_FAST_MATH = YES;
				ONLY_ACTIVE_ARCH = YES;
				SDKROOT = iphoneos;
			};
			name = Debug;
		};
		E9F0E63024EB779000FB2B65 /* Release */ = {
			isa = XCBuildConfiguration;
			buildSettings = {
				ALWAYS_SEARCH_USER_PATHS = NO;
				CLANG_ANALYZER_NONNULL = YES;
				CLANG_ANALYZER_NUMBER_OBJECT_CONVERSION = YES_AGGRESSIVE;
				CLANG_CXX_LANGUAGE_STANDARD = "gnu++14";
				CLANG_CXX_LIBRARY = "libc++";
				CLANG_ENABLE_MODULES = YES;
				CLANG_ENABLE_OBJC_ARC = YES;
				CLANG_ENABLE_OBJC_WEAK = YES;
				CLANG_WARN_BLOCK_CAPTURE_AUTORELEASING = YES;
				CLANG_WARN_BOOL_CONVERSION = YES;
				CLANG_WARN_COMMA = YES;
				CLANG_WARN_CONSTANT_CONVERSION = YES;
				CLANG_WARN_DEPRECATED_OBJC_IMPLEMENTATIONS = YES;
				CLANG_WARN_DIRECT_OBJC_ISA_USAGE = YES_ERROR;
				CLANG_WARN_DOCUMENTATION_COMMENTS = YES;
				CLANG_WARN_EMPTY_BODY = YES;
				CLANG_WARN_ENUM_CONVERSION = YES;
				CLANG_WARN_INFINITE_RECURSION = YES;
				CLANG_WARN_INT_CONVERSION = YES;
				CLANG_WARN_NON_LITERAL_NULL_CONVERSION = YES;
				CLANG_WARN_OBJC_IMPLICIT_RETAIN_SELF = YES;
				CLANG_WARN_OBJC_LITERAL_CONVERSION = YES;
				CLANG_WARN_OBJC_ROOT_CLASS = YES_ERROR;
				CLANG_WARN_RANGE_LOOP_ANALYSIS = YES;
				CLANG_WARN_STRICT_PROTOTYPES = YES;
				CLANG_WARN_SUSPICIOUS_MOVE = YES;
				CLANG_WARN_UNGUARDED_AVAILABILITY = YES_AGGRESSIVE;
				CLANG_WARN_UNREACHABLE_CODE = YES;
				CLANG_WARN__DUPLICATE_METHOD_MATCH = YES;
				COPY_PHASE_STRIP = NO;
				DEBUG_INFORMATION_FORMAT = "dwarf-with-dsym";
				ENABLE_NS_ASSERTIONS = NO;
				ENABLE_STRICT_OBJC_MSGSEND = YES;
				GCC_C_LANGUAGE_STANDARD = gnu11;
				GCC_NO_COMMON_BLOCKS = YES;
				GCC_WARN_64_TO_32_BIT_CONVERSION = YES;
				GCC_WARN_ABOUT_RETURN_TYPE = YES_ERROR;
				GCC_WARN_UNDECLARED_SELECTOR = YES;
				GCC_WARN_UNINITIALIZED_AUTOS = YES_AGGRESSIVE;
				GCC_WARN_UNUSED_FUNCTION = YES;
				GCC_WARN_UNUSED_VARIABLE = YES;
				IPHONEOS_DEPLOYMENT_TARGET = 13.6;
				MTL_ENABLE_DEBUG_INFO = NO;
				MTL_FAST_MATH = YES;
				SDKROOT = iphoneos;
				VALIDATE_PRODUCT = YES;
			};
			name = Release;
		};
		E9F0E63224EB779000FB2B65 /* Debug */ = {
			isa = XCBuildConfiguration;
			buildSettings = {
				ASSETCATALOG_COMPILER_APPICON_NAME = AppIcon;
				CODE_SIGN_STYLE = Automatic;
				INFOPLIST_FILE = Mosaic/Info.plist;
				IPHONEOS_DEPLOYMENT_TARGET = 11.0;
				LD_RUNPATH_SEARCH_PATHS = (
					"$(inherited)",
					"@executable_path/Frameworks",
				);
				PRODUCT_BUNDLE_IDENTIFIER = nic.Mosaic;
				PRODUCT_NAME = "$(TARGET_NAME)";
				TARGETED_DEVICE_FAMILY = "1,2";
			};
			name = Debug;
		};
		E9F0E63324EB779000FB2B65 /* Release */ = {
			isa = XCBuildConfiguration;
			buildSettings = {
				ASSETCATALOG_COMPILER_APPICON_NAME = AppIcon;
				CODE_SIGN_STYLE = Automatic;
				INFOPLIST_FILE = Mosaic/Info.plist;
				IPHONEOS_DEPLOYMENT_TARGET = 11.0;
				LD_RUNPATH_SEARCH_PATHS = (
					"$(inherited)",
					"@executable_path/Frameworks",
				);
				PRODUCT_BUNDLE_IDENTIFIER = nic.Mosaic;
				PRODUCT_NAME = "$(TARGET_NAME)";
				TARGETED_DEVICE_FAMILY = "1,2";
			};
			name = Release;
		};
/* End XCBuildConfiguration section */

/* Begin XCConfigurationList section */
		E9F0E61324EB778D00FB2B65 /* Build configuration list for PBXProject "Mosaic" */ = {
			isa = XCConfigurationList;
			buildConfigurations = (
				E9F0E62F24EB779000FB2B65 /* Debug */,
				E9F0E63024EB779000FB2B65 /* Release */,
			);
			defaultConfigurationIsVisible = 0;
			defaultConfigurationName = Release;
		};
		E9F0E63124EB779000FB2B65 /* Build configuration list for PBXNativeTarget "Mosaic" */ = {
			isa = XCConfigurationList;
			buildConfigurations = (
				E9F0E63224EB779000FB2B65 /* Debug */,
				E9F0E63324EB779000FB2B65 /* Release */,
			);
			defaultConfigurationIsVisible = 0;
			defaultConfigurationName = Release;
		};
/* End XCConfigurationList section */
	};
	rootObject = E9F0E61024EB778D00FB2B65 /* Project object */;
}
